// !$*UTF8*$!
{
	archiveVersion = 1;
	classes = {
	};
	objectVersion = 46;
	objects = {

/* Begin PBXBuildFile section */
		00E356F31AD99517003FC87E /* RiceDiseasePredictionTests.m in Sources */ = {isa = PBXBuildFile; fileRef = 00E356F21AD99517003FC87E /* RiceDiseasePredictionTests.m */; };
		13B07FBC1A68108700A75B9A /* AppDelegate.m in Sources */ = {isa = PBXBuildFile; fileRef = 13B07FB01A68108700A75B9A /* AppDelegate.m */; };
		13B07FBD1A68108700A75B9A /* LaunchScreen.xib in Resources */ = {isa = PBXBuildFile; fileRef = 13B07FB11A68108700A75B9A /* LaunchScreen.xib */; };
		13B07FBF1A68108700A75B9A /* Images.xcassets in Resources */ = {isa = PBXBuildFile; fileRef = 13B07FB51A68108700A75B9A /* Images.xcassets */; };
		13B07FC11A68108700A75B9A /* main.m in Sources */ = {isa = PBXBuildFile; fileRef = 13B07FB71A68108700A75B9A /* main.m */; };
		2D02E4BC1E0B4A80006451C7 /* AppDelegate.m in Sources */ = {isa = PBXBuildFile; fileRef = 13B07FB01A68108700A75B9A /* AppDelegate.m */; };
		2D02E4BD1E0B4A84006451C7 /* Images.xcassets in Resources */ = {isa = PBXBuildFile; fileRef = 13B07FB51A68108700A75B9A /* Images.xcassets */; };
		2D02E4BF1E0B4AB3006451C7 /* main.m in Sources */ = {isa = PBXBuildFile; fileRef = 13B07FB71A68108700A75B9A /* main.m */; };
		2DCD954D1E0B4F2C00145EB5 /* RiceDiseasePredictionTests.m in Sources */ = {isa = PBXBuildFile; fileRef = 00E356F21AD99517003FC87E /* RiceDiseasePredictionTests.m */; };
		418860D5BB34ED768EEE7FB6 /* libPods-RiceDiseasePrediction-tvOSTests.a in Frameworks */ = {isa = PBXBuildFile; fileRef = 134252F0580897541C48A8C2 /* libPods-RiceDiseasePrediction-tvOSTests.a */; };
		46878DA3353CFEB9CCD23B14 /* libPods-RiceDiseasePrediction-tvOS.a in Frameworks */ = {isa = PBXBuildFile; fileRef = 43FAE06911931F678698C8E4 /* libPods-RiceDiseasePrediction-tvOS.a */; };
		E65388B84F93F3F4E2D2B0F2 /* libPods-RiceDiseasePrediction.a in Frameworks */ = {isa = PBXBuildFile; fileRef = 90478CB15F61970FDEEE384F /* libPods-RiceDiseasePrediction.a */; };
		F2B0FEFC467FBBF6CE4ED9B2 /* libPods-RiceDiseasePredictionTests.a in Frameworks */ = {isa = PBXBuildFile; fileRef = 80E9C4DF11E9CD8C9E7914F6 /* libPods-RiceDiseasePredictionTests.a */; };
		2D74CF2E4F6D44B897F310AF /* flowers2.png in Resources */ = {isa = PBXBuildFile; fileRef = F2A166E8F72748338A940682 /* flowers2.png */; };
		FA6A67A5FFAD411EA2BA80AA /* flowers2.svg in Resources */ = {isa = PBXBuildFile; fileRef = F3349DB03B834A0983FC5DD2 /* flowers2.svg */; };
		CA6944D46D9F40A7AED8938D /* lighthouse.png in Resources */ = {isa = PBXBuildFile; fileRef = E7B4A725E4574B5F8EEEEB15 /* lighthouse.png */; };
		3F51C5D445574226B690CEE2 /* lighthouse.svg in Resources */ = {isa = PBXBuildFile; fileRef = C99CF50B58EF46CDA6C388EF /* lighthouse.svg */; };
		1D7A71C8CB614479A5087BDC /* Product Sans Bold.ttf in Resources */ = {isa = PBXBuildFile; fileRef = E14DC48785D543B991061789 /* Product Sans Bold.ttf */; };
		F2709D364D4549D997009835 /* Product Sans Italic.ttf in Resources */ = {isa = PBXBuildFile; fileRef = 0152F8F52AAB49FB8AE20930 /* Product Sans Italic.ttf */; };
		0AFA010E01C846EA86CC017E /* Product Sans Regular.ttf in Resources */ = {isa = PBXBuildFile; fileRef = F20603F77E24487E9F3CAA0D /* Product Sans Regular.ttf */; };
		9327F7A4DF8B49AB8A6CFD24 /* rubicon-icon-font.ttf in Resources */ = {isa = PBXBuildFile; fileRef = 590E27673A6E4DE3A44DB39E /* rubicon-icon-font.ttf */; };
		67A87D3D777949E082390834 /* Rubik-Black.ttf in Resources */ = {isa = PBXBuildFile; fileRef = E29E03B1D980480BBBD2D58F /* Rubik-Black.ttf */; };
		3D5DCF7A44644BE991862565 /* Rubik-BlackItalic.ttf in Resources */ = {isa = PBXBuildFile; fileRef = BED30749943647D1ACA943D5 /* Rubik-BlackItalic.ttf */; };
		09676591E5044BF6B4EFD55A /* Rubik-Bold.ttf in Resources */ = {isa = PBXBuildFile; fileRef = D5789415EBC54E0D94B21344 /* Rubik-Bold.ttf */; };
		A69AC82D74354093984FF0C7 /* Rubik-BoldItalic.ttf in Resources */ = {isa = PBXBuildFile; fileRef = 265EEE997854452F8FADF77A /* Rubik-BoldItalic.ttf */; };
		B6FAF8CA71CB414591C1FA0D /* Rubik-Italic.ttf in Resources */ = {isa = PBXBuildFile; fileRef = 91A30B9A850F4933A5278FEC /* Rubik-Italic.ttf */; };
		BFA3D5402CFD4188A298E478 /* Rubik-Light.ttf in Resources */ = {isa = PBXBuildFile; fileRef = C9F73C256B284AFBA225451E /* Rubik-Light.ttf */; };
		D945020E2FCF46A79DF39B17 /* Rubik-LightItalic.ttf in Resources */ = {isa = PBXBuildFile; fileRef = 5255F0626FAF41E7A888CCD6 /* Rubik-LightItalic.ttf */; };
		A64BDC574E164930BEB1913B /* Rubik-Medium.ttf in Resources */ = {isa = PBXBuildFile; fileRef = D5596DEFE1F84ED8A4846612 /* Rubik-Medium.ttf */; };
		BC92BC1FC08E4022A062D021 /* Rubik-MediumItalic.ttf in Resources */ = {isa = PBXBuildFile; fileRef = 6753572341BF49C49C3D7B10 /* Rubik-MediumItalic.ttf */; };
		960A295C18F94F45A0977176 /* Rubik-Regular.ttf in Resources */ = {isa = PBXBuildFile; fileRef = 08113AC4710B4C36B9593FAB /* Rubik-Regular.ttf */; };
		7BC2E0F2DBB9495988E2801C /* AntDesign.ttf in Resources */ = {isa = PBXBuildFile; fileRef = 9EDD8810DD4F4668A50DE84C /* AntDesign.ttf */; };
		5B995016844647B9A8446D55 /* Entypo.ttf in Resources */ = {isa = PBXBuildFile; fileRef = F66AC4B1280C4133B75D747C /* Entypo.ttf */; };
		5E1CAC5A3FB3404993E1D806 /* EvilIcons.ttf in Resources */ = {isa = PBXBuildFile; fileRef = 03AF615C6F38445ABCCD1FA5 /* EvilIcons.ttf */; };
		65904842C1F244A3B387A4E5 /* Feather.ttf in Resources */ = {isa = PBXBuildFile; fileRef = 2529C45072EF45978FC50599 /* Feather.ttf */; };
		C1A3075A4ACD4ABFB357BD1B /* FontAwesome.ttf in Resources */ = {isa = PBXBuildFile; fileRef = 24D4DA6FCE4A424BB959F570 /* FontAwesome.ttf */; };
		8BCAB33B8A2147429FB8FCA7 /* FontAwesome5_Brands.ttf in Resources */ = {isa = PBXBuildFile; fileRef = 84568C8B75E5478384B4E73B /* FontAwesome5_Brands.ttf */; };
		F8E154156AD34D5F968EC0E2 /* FontAwesome5_Regular.ttf in Resources */ = {isa = PBXBuildFile; fileRef = 396DF652531149BDAECF37A5 /* FontAwesome5_Regular.ttf */; };
		A79CC6AACE374099839744CD /* FontAwesome5_Solid.ttf in Resources */ = {isa = PBXBuildFile; fileRef = 7482C83E466247A0908C1307 /* FontAwesome5_Solid.ttf */; };
		BE0EA411E4E843BDAE310480 /* Fontisto.ttf in Resources */ = {isa = PBXBuildFile; fileRef = EE8C6155F79649D3AB66D8FF /* Fontisto.ttf */; };
		F15188C8CCE94468BB5882FE /* Foundation.ttf in Resources */ = {isa = PBXBuildFile; fileRef = 2CFC93CB2C5F4A9AB1962BB3 /* Foundation.ttf */; };
		28197E45E01140EB9CC18624 /* Ionicons.ttf in Resources */ = {isa = PBXBuildFile; fileRef = F1CD410E138249EE9830FB2C /* Ionicons.ttf */; };
		C7AA704E2DCD480CB6BDFA9D /* MaterialCommunityIcons.ttf in Resources */ = {isa = PBXBuildFile; fileRef = AC5B46120AFE4173A425FEE1 /* MaterialCommunityIcons.ttf */; };
		31A578C8110242D3B7F3D881 /* MaterialIcons.ttf in Resources */ = {isa = PBXBuildFile; fileRef = 31C1676555174B47892AE71A /* MaterialIcons.ttf */; };
		BC5D7E7EEB6C41A28D9F14E2 /* Octicons.ttf in Resources */ = {isa = PBXBuildFile; fileRef = 120882F509034B2CBD7D2600 /* Octicons.ttf */; };
		F77CD7E68E294E3F8C6BA272 /* SimpleLineIcons.ttf in Resources */ = {isa = PBXBuildFile; fileRef = FE42F87DEA4C4B16A6F20ADD /* SimpleLineIcons.ttf */; };
		EB32D3135D7445F58E9A7B65 /* Zocial.ttf in Resources */ = {isa = PBXBuildFile; fileRef = 22C1C95088954AC9949D31E6 /* Zocial.ttf */; };
/* End PBXBuildFile section */

/* Begin PBXContainerItemProxy section */
		00E356F41AD99517003FC87E /* PBXContainerItemProxy */ = {
			isa = PBXContainerItemProxy;
			containerPortal = 83CBB9F71A601CBA00E9B192 /* Project object */;
			proxyType = 1;
			remoteGlobalIDString = 13B07F861A680F5B00A75B9A;
			remoteInfo = RiceDiseasePrediction;
		};
		2D02E4911E0B4A5D006451C7 /* PBXContainerItemProxy */ = {
			isa = PBXContainerItemProxy;
			containerPortal = 83CBB9F71A601CBA00E9B192 /* Project object */;
			proxyType = 1;
			remoteGlobalIDString = 2D02E47A1E0B4A5D006451C7;
			remoteInfo = "RiceDiseasePrediction-tvOS";
		};
/* End PBXContainerItemProxy section */

/* Begin PBXFileReference section */
		008F07F21AC5B25A0029DE68 /* main.jsbundle */ = {isa = PBXFileReference; fileEncoding = 4; lastKnownFileType = text; path = main.jsbundle; sourceTree = "<group>"; };
		00E356EE1AD99517003FC87E /* RiceDiseasePredictionTests.xctest */ = {isa = PBXFileReference; explicitFileType = wrapper.cfbundle; includeInIndex = 0; path = RiceDiseasePredictionTests.xctest; sourceTree = BUILT_PRODUCTS_DIR; };
		00E356F11AD99517003FC87E /* Info.plist */ = {isa = PBXFileReference; lastKnownFileType = text.plist.xml; path = Info.plist; sourceTree = "<group>"; };
		00E356F21AD99517003FC87E /* RiceDiseasePredictionTests.m */ = {isa = PBXFileReference; lastKnownFileType = sourcecode.c.objc; path = RiceDiseasePredictionTests.m; sourceTree = "<group>"; };
		134252F0580897541C48A8C2 /* libPods-RiceDiseasePrediction-tvOSTests.a */ = {isa = PBXFileReference; explicitFileType = archive.ar; includeInIndex = 0; path = "libPods-RiceDiseasePrediction-tvOSTests.a"; sourceTree = BUILT_PRODUCTS_DIR; };
		13B07F961A680F5B00A75B9A /* RiceDiseasePrediction.app */ = {isa = PBXFileReference; explicitFileType = wrapper.application; includeInIndex = 0; path = RiceDiseasePrediction.app; sourceTree = BUILT_PRODUCTS_DIR; };
		13B07FAF1A68108700A75B9A /* AppDelegate.h */ = {isa = PBXFileReference; fileEncoding = 4; lastKnownFileType = sourcecode.c.h; name = AppDelegate.h; path = RiceDiseasePrediction/AppDelegate.h; sourceTree = "<group>"; };
		13B07FB01A68108700A75B9A /* AppDelegate.m */ = {isa = PBXFileReference; fileEncoding = 4; lastKnownFileType = sourcecode.c.objc; name = AppDelegate.m; path = RiceDiseasePrediction/AppDelegate.m; sourceTree = "<group>"; };
		13B07FB21A68108700A75B9A /* Base */ = {isa = PBXFileReference; lastKnownFileType = file.xib; name = Base; path = Base.lproj/LaunchScreen.xib; sourceTree = "<group>"; };
		13B07FB51A68108700A75B9A /* Images.xcassets */ = {isa = PBXFileReference; lastKnownFileType = folder.assetcatalog; name = Images.xcassets; path = RiceDiseasePrediction/Images.xcassets; sourceTree = "<group>"; };
		13B07FB61A68108700A75B9A /* Info.plist */ = {isa = PBXFileReference; fileEncoding = 4; lastKnownFileType = text.plist.xml; name = Info.plist; path = RiceDiseasePrediction/Info.plist; sourceTree = "<group>"; };
		13B07FB71A68108700A75B9A /* main.m */ = {isa = PBXFileReference; fileEncoding = 4; lastKnownFileType = sourcecode.c.objc; name = main.m; path = RiceDiseasePrediction/main.m; sourceTree = "<group>"; };
		29DF71B7136D73E1CF56BFAA /* Pods-RiceDiseasePrediction.debug.xcconfig */ = {isa = PBXFileReference; includeInIndex = 1; lastKnownFileType = text.xcconfig; name = "Pods-RiceDiseasePrediction.debug.xcconfig"; path = "Target Support Files/Pods-RiceDiseasePrediction/Pods-RiceDiseasePrediction.debug.xcconfig"; sourceTree = "<group>"; };
		2D02E47B1E0B4A5D006451C7 /* RiceDiseasePrediction-tvOS.app */ = {isa = PBXFileReference; explicitFileType = wrapper.application; includeInIndex = 0; path = "RiceDiseasePrediction-tvOS.app"; sourceTree = BUILT_PRODUCTS_DIR; };
		2D02E4901E0B4A5D006451C7 /* RiceDiseasePrediction-tvOSTests.xctest */ = {isa = PBXFileReference; explicitFileType = wrapper.cfbundle; includeInIndex = 0; path = "RiceDiseasePrediction-tvOSTests.xctest"; sourceTree = BUILT_PRODUCTS_DIR; };
		32D6FC9A181CE3EB8C6972DB /* Pods-RiceDiseasePrediction-tvOS.debug.xcconfig */ = {isa = PBXFileReference; includeInIndex = 1; lastKnownFileType = text.xcconfig; name = "Pods-RiceDiseasePrediction-tvOS.debug.xcconfig"; path = "Target Support Files/Pods-RiceDiseasePrediction-tvOS/Pods-RiceDiseasePrediction-tvOS.debug.xcconfig"; sourceTree = "<group>"; };
		3FEE1B1DDFBB4C26A6912A6D /* Pods-RiceDiseasePrediction-tvOS.release.xcconfig */ = {isa = PBXFileReference; includeInIndex = 1; lastKnownFileType = text.xcconfig; name = "Pods-RiceDiseasePrediction-tvOS.release.xcconfig"; path = "Target Support Files/Pods-RiceDiseasePrediction-tvOS/Pods-RiceDiseasePrediction-tvOS.release.xcconfig"; sourceTree = "<group>"; };
		4204C6C5E7C6BA6628A378E9 /* Pods-RiceDiseasePredictionTests.debug.xcconfig */ = {isa = PBXFileReference; includeInIndex = 1; lastKnownFileType = text.xcconfig; name = "Pods-RiceDiseasePredictionTests.debug.xcconfig"; path = "Target Support Files/Pods-RiceDiseasePredictionTests/Pods-RiceDiseasePredictionTests.debug.xcconfig"; sourceTree = "<group>"; };
		43FAE06911931F678698C8E4 /* libPods-RiceDiseasePrediction-tvOS.a */ = {isa = PBXFileReference; explicitFileType = archive.ar; includeInIndex = 0; path = "libPods-RiceDiseasePrediction-tvOS.a"; sourceTree = BUILT_PRODUCTS_DIR; };
		5ACC9787BBAB0A1D9DC05D29 /* Pods-RiceDiseasePredictionTests.release.xcconfig */ = {isa = PBXFileReference; includeInIndex = 1; lastKnownFileType = text.xcconfig; name = "Pods-RiceDiseasePredictionTests.release.xcconfig"; path = "Target Support Files/Pods-RiceDiseasePredictionTests/Pods-RiceDiseasePredictionTests.release.xcconfig"; sourceTree = "<group>"; };
		80E9C4DF11E9CD8C9E7914F6 /* libPods-RiceDiseasePredictionTests.a */ = {isa = PBXFileReference; explicitFileType = archive.ar; includeInIndex = 0; path = "libPods-RiceDiseasePredictionTests.a"; sourceTree = BUILT_PRODUCTS_DIR; };
		90478CB15F61970FDEEE384F /* libPods-RiceDiseasePrediction.a */ = {isa = PBXFileReference; explicitFileType = archive.ar; includeInIndex = 0; path = "libPods-RiceDiseasePrediction.a"; sourceTree = BUILT_PRODUCTS_DIR; };
		C2963511501221E78850E321 /* Pods-RiceDiseasePrediction-tvOSTests.release.xcconfig */ = {isa = PBXFileReference; includeInIndex = 1; lastKnownFileType = text.xcconfig; name = "Pods-RiceDiseasePrediction-tvOSTests.release.xcconfig"; path = "Target Support Files/Pods-RiceDiseasePrediction-tvOSTests/Pods-RiceDiseasePrediction-tvOSTests.release.xcconfig"; sourceTree = "<group>"; };
		C727D3B51612EA6E01B91738 /* Pods-RiceDiseasePrediction-tvOSTests.debug.xcconfig */ = {isa = PBXFileReference; includeInIndex = 1; lastKnownFileType = text.xcconfig; name = "Pods-RiceDiseasePrediction-tvOSTests.debug.xcconfig"; path = "Target Support Files/Pods-RiceDiseasePrediction-tvOSTests/Pods-RiceDiseasePrediction-tvOSTests.debug.xcconfig"; sourceTree = "<group>"; };
		EB257AFB300505FF8D5E8632 /* Pods-RiceDiseasePrediction.release.xcconfig */ = {isa = PBXFileReference; includeInIndex = 1; lastKnownFileType = text.xcconfig; name = "Pods-RiceDiseasePrediction.release.xcconfig"; path = "Target Support Files/Pods-RiceDiseasePrediction/Pods-RiceDiseasePrediction.release.xcconfig"; sourceTree = "<group>"; };
		ED297162215061F000B7C4FE /* JavaScriptCore.framework */ = {isa = PBXFileReference; lastKnownFileType = wrapper.framework; name = JavaScriptCore.framework; path = System/Library/Frameworks/JavaScriptCore.framework; sourceTree = SDKROOT; };
		ED2971642150620600B7C4FE /* JavaScriptCore.framework */ = {isa = PBXFileReference; lastKnownFileType = wrapper.framework; name = JavaScriptCore.framework; path = Platforms/AppleTVOS.platform/Developer/SDKs/AppleTVOS12.0.sdk/System/Library/Frameworks/JavaScriptCore.framework; sourceTree = DEVELOPER_DIR; };
		F2A166E8F72748338A940682 /* flowers2.png */ = {isa = PBXFileReference; name = "flowers2.png"; path = "../assets/images/flowers2.png"; sourceTree = "<group>"; fileEncoding = undefined; lastKnownFileType = unknown; explicitFileType = undefined; includeInIndex = 0; };
		F3349DB03B834A0983FC5DD2 /* flowers2.svg */ = {isa = PBXFileReference; name = "flowers2.svg"; path = "../assets/images/flowers2.svg"; sourceTree = "<group>"; fileEncoding = undefined; lastKnownFileType = unknown; explicitFileType = undefined; includeInIndex = 0; };
		E7B4A725E4574B5F8EEEEB15 /* lighthouse.png */ = {isa = PBXFileReference; name = "lighthouse.png"; path = "../assets/images/lighthouse.png"; sourceTree = "<group>"; fileEncoding = undefined; lastKnownFileType = unknown; explicitFileType = undefined; includeInIndex = 0; };
		C99CF50B58EF46CDA6C388EF /* lighthouse.svg */ = {isa = PBXFileReference; name = "lighthouse.svg"; path = "../assets/images/lighthouse.svg"; sourceTree = "<group>"; fileEncoding = undefined; lastKnownFileType = unknown; explicitFileType = undefined; includeInIndex = 0; };
		E14DC48785D543B991061789 /* Product Sans Bold.ttf */ = {isa = PBXFileReference; name = "Product Sans Bold.ttf"; path = "../assets/fonts/Product Sans Bold.ttf"; sourceTree = "<group>"; fileEncoding = undefined; lastKnownFileType = unknown; explicitFileType = undefined; includeInIndex = 0; };
		0152F8F52AAB49FB8AE20930 /* Product Sans Italic.ttf */ = {isa = PBXFileReference; name = "Product Sans Italic.ttf"; path = "../assets/fonts/Product Sans Italic.ttf"; sourceTree = "<group>"; fileEncoding = undefined; lastKnownFileType = unknown; explicitFileType = undefined; includeInIndex = 0; };
		F20603F77E24487E9F3CAA0D /* Product Sans Regular.ttf */ = {isa = PBXFileReference; name = "Product Sans Regular.ttf"; path = "../assets/fonts/Product Sans Regular.ttf"; sourceTree = "<group>"; fileEncoding = undefined; lastKnownFileType = unknown; explicitFileType = undefined; includeInIndex = 0; };
		590E27673A6E4DE3A44DB39E /* rubicon-icon-font.ttf */ = {isa = PBXFileReference; name = "rubicon-icon-font.ttf"; path = "../node_modules/@shoutem/ui/fonts/rubicon-icon-font.ttf"; sourceTree = "<group>"; fileEncoding = undefined; lastKnownFileType = unknown; explicitFileType = undefined; includeInIndex = 0; };
		E29E03B1D980480BBBD2D58F /* Rubik-Black.ttf */ = {isa = PBXFileReference; name = "Rubik-Black.ttf"; path = "../node_modules/@shoutem/ui/fonts/Rubik-Black.ttf"; sourceTree = "<group>"; fileEncoding = undefined; lastKnownFileType = unknown; explicitFileType = undefined; includeInIndex = 0; };
		BED30749943647D1ACA943D5 /* Rubik-BlackItalic.ttf */ = {isa = PBXFileReference; name = "Rubik-BlackItalic.ttf"; path = "../node_modules/@shoutem/ui/fonts/Rubik-BlackItalic.ttf"; sourceTree = "<group>"; fileEncoding = undefined; lastKnownFileType = unknown; explicitFileType = undefined; includeInIndex = 0; };
		D5789415EBC54E0D94B21344 /* Rubik-Bold.ttf */ = {isa = PBXFileReference; name = "Rubik-Bold.ttf"; path = "../node_modules/@shoutem/ui/fonts/Rubik-Bold.ttf"; sourceTree = "<group>"; fileEncoding = undefined; lastKnownFileType = unknown; explicitFileType = undefined; includeInIndex = 0; };
		265EEE997854452F8FADF77A /* Rubik-BoldItalic.ttf */ = {isa = PBXFileReference; name = "Rubik-BoldItalic.ttf"; path = "../node_modules/@shoutem/ui/fonts/Rubik-BoldItalic.ttf"; sourceTree = "<group>"; fileEncoding = undefined; lastKnownFileType = unknown; explicitFileType = undefined; includeInIndex = 0; };
		91A30B9A850F4933A5278FEC /* Rubik-Italic.ttf */ = {isa = PBXFileReference; name = "Rubik-Italic.ttf"; path = "../node_modules/@shoutem/ui/fonts/Rubik-Italic.ttf"; sourceTree = "<group>"; fileEncoding = undefined; lastKnownFileType = unknown; explicitFileType = undefined; includeInIndex = 0; };
		C9F73C256B284AFBA225451E /* Rubik-Light.ttf */ = {isa = PBXFileReference; name = "Rubik-Light.ttf"; path = "../node_modules/@shoutem/ui/fonts/Rubik-Light.ttf"; sourceTree = "<group>"; fileEncoding = undefined; lastKnownFileType = unknown; explicitFileType = undefined; includeInIndex = 0; };
		5255F0626FAF41E7A888CCD6 /* Rubik-LightItalic.ttf */ = {isa = PBXFileReference; name = "Rubik-LightItalic.ttf"; path = "../node_modules/@shoutem/ui/fonts/Rubik-LightItalic.ttf"; sourceTree = "<group>"; fileEncoding = undefined; lastKnownFileType = unknown; explicitFileType = undefined; includeInIndex = 0; };
		D5596DEFE1F84ED8A4846612 /* Rubik-Medium.ttf */ = {isa = PBXFileReference; name = "Rubik-Medium.ttf"; path = "../node_modules/@shoutem/ui/fonts/Rubik-Medium.ttf"; sourceTree = "<group>"; fileEncoding = undefined; lastKnownFileType = unknown; explicitFileType = undefined; includeInIndex = 0; };
		6753572341BF49C49C3D7B10 /* Rubik-MediumItalic.ttf */ = {isa = PBXFileReference; name = "Rubik-MediumItalic.ttf"; path = "../node_modules/@shoutem/ui/fonts/Rubik-MediumItalic.ttf"; sourceTree = "<group>"; fileEncoding = undefined; lastKnownFileType = unknown; explicitFileType = undefined; includeInIndex = 0; };
		08113AC4710B4C36B9593FAB /* Rubik-Regular.ttf */ = {isa = PBXFileReference; name = "Rubik-Regular.ttf"; path = "../node_modules/@shoutem/ui/fonts/Rubik-Regular.ttf"; sourceTree = "<group>"; fileEncoding = undefined; lastKnownFileType = unknown; explicitFileType = undefined; includeInIndex = 0; };
		9EDD8810DD4F4668A50DE84C /* AntDesign.ttf */ = {isa = PBXFileReference; name = "AntDesign.ttf"; path = "../node_modules/react-native-vector-icons/Fonts/AntDesign.ttf"; sourceTree = "<group>"; fileEncoding = undefined; lastKnownFileType = unknown; explicitFileType = undefined; includeInIndex = 0; };
		F66AC4B1280C4133B75D747C /* Entypo.ttf */ = {isa = PBXFileReference; name = "Entypo.ttf"; path = "../node_modules/react-native-vector-icons/Fonts/Entypo.ttf"; sourceTree = "<group>"; fileEncoding = undefined; lastKnownFileType = unknown; explicitFileType = undefined; includeInIndex = 0; };
		03AF615C6F38445ABCCD1FA5 /* EvilIcons.ttf */ = {isa = PBXFileReference; name = "EvilIcons.ttf"; path = "../node_modules/react-native-vector-icons/Fonts/EvilIcons.ttf"; sourceTree = "<group>"; fileEncoding = undefined; lastKnownFileType = unknown; explicitFileType = undefined; includeInIndex = 0; };
		2529C45072EF45978FC50599 /* Feather.ttf */ = {isa = PBXFileReference; name = "Feather.ttf"; path = "../node_modules/react-native-vector-icons/Fonts/Feather.ttf"; sourceTree = "<group>"; fileEncoding = undefined; lastKnownFileType = unknown; explicitFileType = undefined; includeInIndex = 0; };
		24D4DA6FCE4A424BB959F570 /* FontAwesome.ttf */ = {isa = PBXFileReference; name = "FontAwesome.ttf"; path = "../node_modules/react-native-vector-icons/Fonts/FontAwesome.ttf"; sourceTree = "<group>"; fileEncoding = undefined; lastKnownFileType = unknown; explicitFileType = undefined; includeInIndex = 0; };
		84568C8B75E5478384B4E73B /* FontAwesome5_Brands.ttf */ = {isa = PBXFileReference; name = "FontAwesome5_Brands.ttf"; path = "../node_modules/react-native-vector-icons/Fonts/FontAwesome5_Brands.ttf"; sourceTree = "<group>"; fileEncoding = undefined; lastKnownFileType = unknown; explicitFileType = undefined; includeInIndex = 0; };
		396DF652531149BDAECF37A5 /* FontAwesome5_Regular.ttf */ = {isa = PBXFileReference; name = "FontAwesome5_Regular.ttf"; path = "../node_modules/react-native-vector-icons/Fonts/FontAwesome5_Regular.ttf"; sourceTree = "<group>"; fileEncoding = undefined; lastKnownFileType = unknown; explicitFileType = undefined; includeInIndex = 0; };
		7482C83E466247A0908C1307 /* FontAwesome5_Solid.ttf */ = {isa = PBXFileReference; name = "FontAwesome5_Solid.ttf"; path = "../node_modules/react-native-vector-icons/Fonts/FontAwesome5_Solid.ttf"; sourceTree = "<group>"; fileEncoding = undefined; lastKnownFileType = unknown; explicitFileType = undefined; includeInIndex = 0; };
		EE8C6155F79649D3AB66D8FF /* Fontisto.ttf */ = {isa = PBXFileReference; name = "Fontisto.ttf"; path = "../node_modules/react-native-vector-icons/Fonts/Fontisto.ttf"; sourceTree = "<group>"; fileEncoding = undefined; lastKnownFileType = unknown; explicitFileType = undefined; includeInIndex = 0; };
		2CFC93CB2C5F4A9AB1962BB3 /* Foundation.ttf */ = {isa = PBXFileReference; name = "Foundation.ttf"; path = "../node_modules/react-native-vector-icons/Fonts/Foundation.ttf"; sourceTree = "<group>"; fileEncoding = undefined; lastKnownFileType = unknown; explicitFileType = undefined; includeInIndex = 0; };
		F1CD410E138249EE9830FB2C /* Ionicons.ttf */ = {isa = PBXFileReference; name = "Ionicons.ttf"; path = "../node_modules/react-native-vector-icons/Fonts/Ionicons.ttf"; sourceTree = "<group>"; fileEncoding = undefined; lastKnownFileType = unknown; explicitFileType = undefined; includeInIndex = 0; };
		AC5B46120AFE4173A425FEE1 /* MaterialCommunityIcons.ttf */ = {isa = PBXFileReference; name = "MaterialCommunityIcons.ttf"; path = "../node_modules/react-native-vector-icons/Fonts/MaterialCommunityIcons.ttf"; sourceTree = "<group>"; fileEncoding = undefined; lastKnownFileType = unknown; explicitFileType = undefined; includeInIndex = 0; };
		31C1676555174B47892AE71A /* MaterialIcons.ttf */ = {isa = PBXFileReference; name = "MaterialIcons.ttf"; path = "../node_modules/react-native-vector-icons/Fonts/MaterialIcons.ttf"; sourceTree = "<group>"; fileEncoding = undefined; lastKnownFileType = unknown; explicitFileType = undefined; includeInIndex = 0; };
		120882F509034B2CBD7D2600 /* Octicons.ttf */ = {isa = PBXFileReference; name = "Octicons.ttf"; path = "../node_modules/react-native-vector-icons/Fonts/Octicons.ttf"; sourceTree = "<group>"; fileEncoding = undefined; lastKnownFileType = unknown; explicitFileType = undefined; includeInIndex = 0; };
		FE42F87DEA4C4B16A6F20ADD /* SimpleLineIcons.ttf */ = {isa = PBXFileReference; name = "SimpleLineIcons.ttf"; path = "../node_modules/react-native-vector-icons/Fonts/SimpleLineIcons.ttf"; sourceTree = "<group>"; fileEncoding = undefined; lastKnownFileType = unknown; explicitFileType = undefined; includeInIndex = 0; };
		22C1C95088954AC9949D31E6 /* Zocial.ttf */ = {isa = PBXFileReference; name = "Zocial.ttf"; path = "../node_modules/react-native-vector-icons/Fonts/Zocial.ttf"; sourceTree = "<group>"; fileEncoding = undefined; lastKnownFileType = unknown; explicitFileType = undefined; includeInIndex = 0; };
/* End PBXFileReference section */

/* Begin PBXFrameworksBuildPhase section */
		00E356EB1AD99517003FC87E /* Frameworks */ = {
			isa = PBXFrameworksBuildPhase;
			buildActionMask = 2147483647;
			files = (
				F2B0FEFC467FBBF6CE4ED9B2 /* libPods-RiceDiseasePredictionTests.a in Frameworks */,
			);
			runOnlyForDeploymentPostprocessing = 0;
		};
		13B07F8C1A680F5B00A75B9A /* Frameworks */ = {
			isa = PBXFrameworksBuildPhase;
			buildActionMask = 2147483647;
			files = (
				E65388B84F93F3F4E2D2B0F2 /* libPods-RiceDiseasePrediction.a in Frameworks */,
			);
			runOnlyForDeploymentPostprocessing = 0;
		};
		2D02E4781E0B4A5D006451C7 /* Frameworks */ = {
			isa = PBXFrameworksBuildPhase;
			buildActionMask = 2147483647;
			files = (
				46878DA3353CFEB9CCD23B14 /* libPods-RiceDiseasePrediction-tvOS.a in Frameworks */,
			);
			runOnlyForDeploymentPostprocessing = 0;
		};
		2D02E48D1E0B4A5D006451C7 /* Frameworks */ = {
			isa = PBXFrameworksBuildPhase;
			buildActionMask = 2147483647;
			files = (
				418860D5BB34ED768EEE7FB6 /* libPods-RiceDiseasePrediction-tvOSTests.a in Frameworks */,
			);
			runOnlyForDeploymentPostprocessing = 0;
		};
/* End PBXFrameworksBuildPhase section */

/* Begin PBXGroup section */
		00E356EF1AD99517003FC87E /* RiceDiseasePredictionTests */ = {
			isa = PBXGroup;
			children = (
				00E356F21AD99517003FC87E /* RiceDiseasePredictionTests.m */,
				00E356F01AD99517003FC87E /* Supporting Files */,
			);
			path = RiceDiseasePredictionTests;
			sourceTree = "<group>";
		};
		00E356F01AD99517003FC87E /* Supporting Files */ = {
			isa = PBXGroup;
			children = (
				00E356F11AD99517003FC87E /* Info.plist */,
			);
			name = "Supporting Files";
			sourceTree = "<group>";
		};
		13B07FAE1A68108700A75B9A /* RiceDiseasePrediction */ = {
			isa = PBXGroup;
			children = (
				008F07F21AC5B25A0029DE68 /* main.jsbundle */,
				13B07FAF1A68108700A75B9A /* AppDelegate.h */,
				13B07FB01A68108700A75B9A /* AppDelegate.m */,
				13B07FB51A68108700A75B9A /* Images.xcassets */,
				13B07FB61A68108700A75B9A /* Info.plist */,
				13B07FB11A68108700A75B9A /* LaunchScreen.xib */,
				13B07FB71A68108700A75B9A /* main.m */,
			);
			name = RiceDiseasePrediction;
			sourceTree = "<group>";
		};
		1AF6DA232693E1EFACB5B76C /* Pods */ = {
			isa = PBXGroup;
			children = (
				29DF71B7136D73E1CF56BFAA /* Pods-RiceDiseasePrediction.debug.xcconfig */,
				EB257AFB300505FF8D5E8632 /* Pods-RiceDiseasePrediction.release.xcconfig */,
				32D6FC9A181CE3EB8C6972DB /* Pods-RiceDiseasePrediction-tvOS.debug.xcconfig */,
				3FEE1B1DDFBB4C26A6912A6D /* Pods-RiceDiseasePrediction-tvOS.release.xcconfig */,
				C727D3B51612EA6E01B91738 /* Pods-RiceDiseasePrediction-tvOSTests.debug.xcconfig */,
				C2963511501221E78850E321 /* Pods-RiceDiseasePrediction-tvOSTests.release.xcconfig */,
				4204C6C5E7C6BA6628A378E9 /* Pods-RiceDiseasePredictionTests.debug.xcconfig */,
				5ACC9787BBAB0A1D9DC05D29 /* Pods-RiceDiseasePredictionTests.release.xcconfig */,
			);
			name = Pods;
			path = Pods;
			sourceTree = "<group>";
		};
		2D16E6871FA4F8E400B85C8A /* Frameworks */ = {
			isa = PBXGroup;
			children = (
				ED297162215061F000B7C4FE /* JavaScriptCore.framework */,
				ED2971642150620600B7C4FE /* JavaScriptCore.framework */,
				90478CB15F61970FDEEE384F /* libPods-RiceDiseasePrediction.a */,
				43FAE06911931F678698C8E4 /* libPods-RiceDiseasePrediction-tvOS.a */,
				134252F0580897541C48A8C2 /* libPods-RiceDiseasePrediction-tvOSTests.a */,
				80E9C4DF11E9CD8C9E7914F6 /* libPods-RiceDiseasePredictionTests.a */,
			);
			name = Frameworks;
			sourceTree = "<group>";
		};
		832341AE1AAA6A7D00B99B32 /* Libraries */ = {
			isa = PBXGroup;
			children = (
			);
			name = Libraries;
			sourceTree = "<group>";
		};
		83CBB9F61A601CBA00E9B192 = {
			isa = PBXGroup;
			children = (
				13B07FAE1A68108700A75B9A /* RiceDiseasePrediction */,
				832341AE1AAA6A7D00B99B32 /* Libraries */,
				00E356EF1AD99517003FC87E /* RiceDiseasePredictionTests */,
				83CBBA001A601CBA00E9B192 /* Products */,
				2D16E6871FA4F8E400B85C8A /* Frameworks */,
				1AF6DA232693E1EFACB5B76C /* Pods */,
				A27CB1F1F7934C2FACDBEFA3 /* Resources */,
			);
			indentWidth = 2;
			sourceTree = "<group>";
			tabWidth = 2;
			usesTabs = 0;
		};
		83CBBA001A601CBA00E9B192 /* Products */ = {
			isa = PBXGroup;
			children = (
				13B07F961A680F5B00A75B9A /* RiceDiseasePrediction.app */,
				00E356EE1AD99517003FC87E /* RiceDiseasePredictionTests.xctest */,
				2D02E47B1E0B4A5D006451C7 /* RiceDiseasePrediction-tvOS.app */,
				2D02E4901E0B4A5D006451C7 /* RiceDiseasePrediction-tvOSTests.xctest */,
			);
			name = Products;
			sourceTree = "<group>";
		};
		A27CB1F1F7934C2FACDBEFA3 /* Resources */ = {
			isa = "PBXGroup";
			children = (
				F2A166E8F72748338A940682 /* flowers2.png */,
				F3349DB03B834A0983FC5DD2 /* flowers2.svg */,
				E7B4A725E4574B5F8EEEEB15 /* lighthouse.png */,
				C99CF50B58EF46CDA6C388EF /* lighthouse.svg */,
				E14DC48785D543B991061789 /* Product Sans Bold.ttf */,
				0152F8F52AAB49FB8AE20930 /* Product Sans Italic.ttf */,
				F20603F77E24487E9F3CAA0D /* Product Sans Regular.ttf */,
				590E27673A6E4DE3A44DB39E /* rubicon-icon-font.ttf */,
				E29E03B1D980480BBBD2D58F /* Rubik-Black.ttf */,
				BED30749943647D1ACA943D5 /* Rubik-BlackItalic.ttf */,
				D5789415EBC54E0D94B21344 /* Rubik-Bold.ttf */,
				265EEE997854452F8FADF77A /* Rubik-BoldItalic.ttf */,
				91A30B9A850F4933A5278FEC /* Rubik-Italic.ttf */,
				C9F73C256B284AFBA225451E /* Rubik-Light.ttf */,
				5255F0626FAF41E7A888CCD6 /* Rubik-LightItalic.ttf */,
				D5596DEFE1F84ED8A4846612 /* Rubik-Medium.ttf */,
				6753572341BF49C49C3D7B10 /* Rubik-MediumItalic.ttf */,
				08113AC4710B4C36B9593FAB /* Rubik-Regular.ttf */,
				9EDD8810DD4F4668A50DE84C /* AntDesign.ttf */,
				F66AC4B1280C4133B75D747C /* Entypo.ttf */,
				03AF615C6F38445ABCCD1FA5 /* EvilIcons.ttf */,
				2529C45072EF45978FC50599 /* Feather.ttf */,
				24D4DA6FCE4A424BB959F570 /* FontAwesome.ttf */,
				84568C8B75E5478384B4E73B /* FontAwesome5_Brands.ttf */,
				396DF652531149BDAECF37A5 /* FontAwesome5_Regular.ttf */,
				7482C83E466247A0908C1307 /* FontAwesome5_Solid.ttf */,
				EE8C6155F79649D3AB66D8FF /* Fontisto.ttf */,
				2CFC93CB2C5F4A9AB1962BB3 /* Foundation.ttf */,
				F1CD410E138249EE9830FB2C /* Ionicons.ttf */,
				AC5B46120AFE4173A425FEE1 /* MaterialCommunityIcons.ttf */,
				31C1676555174B47892AE71A /* MaterialIcons.ttf */,
				120882F509034B2CBD7D2600 /* Octicons.ttf */,
				FE42F87DEA4C4B16A6F20ADD /* SimpleLineIcons.ttf */,
				22C1C95088954AC9949D31E6 /* Zocial.ttf */,
			);
			name = Resources;
			sourceTree = "<group>";
			path = "";
		};
/* End PBXGroup section */

/* Begin PBXNativeTarget section */
		00E356ED1AD99517003FC87E /* RiceDiseasePredictionTests */ = {
			isa = PBXNativeTarget;
			buildConfigurationList = 00E357021AD99517003FC87E /* Build configuration list for PBXNativeTarget "RiceDiseasePredictionTests" */;
			buildPhases = (
				AAFA343039017F036FB142BA /* [CP] Check Pods Manifest.lock */,
				00E356EA1AD99517003FC87E /* Sources */,
				00E356EB1AD99517003FC87E /* Frameworks */,
				00E356EC1AD99517003FC87E /* Resources */,
			);
			buildRules = (
			);
			dependencies = (
				00E356F51AD99517003FC87E /* PBXTargetDependency */,
			);
			name = RiceDiseasePredictionTests;
			productName = RiceDiseasePredictionTests;
			productReference = 00E356EE1AD99517003FC87E /* RiceDiseasePredictionTests.xctest */;
			productType = "com.apple.product-type.bundle.unit-test";
		};
		13B07F861A680F5B00A75B9A /* RiceDiseasePrediction */ = {
			isa = PBXNativeTarget;
			buildConfigurationList = 13B07F931A680F5B00A75B9A /* Build configuration list for PBXNativeTarget "RiceDiseasePrediction" */;
			buildPhases = (
				61130215555586AA88E3DCAB /* [CP] Check Pods Manifest.lock */,
				FD10A7F022414F080027D42C /* Start Packager */,
				13B07F871A680F5B00A75B9A /* Sources */,
				13B07F8C1A680F5B00A75B9A /* Frameworks */,
				13B07F8E1A680F5B00A75B9A /* Resources */,
				00DD1BFF1BD5951E006B06BC /* Bundle React Native code and images */,
			);
			buildRules = (
			);
			dependencies = (
			);
			name = RiceDiseasePrediction;
			productName = RiceDiseasePrediction;
			productReference = 13B07F961A680F5B00A75B9A /* RiceDiseasePrediction.app */;
			productType = "com.apple.product-type.application";
		};
		2D02E47A1E0B4A5D006451C7 /* RiceDiseasePrediction-tvOS */ = {
			isa = PBXNativeTarget;
			buildConfigurationList = 2D02E4BA1E0B4A5E006451C7 /* Build configuration list for PBXNativeTarget "RiceDiseasePrediction-tvOS" */;
			buildPhases = (
				4369AF27FA3173E40B5213FA /* [CP] Check Pods Manifest.lock */,
				FD10A7F122414F3F0027D42C /* Start Packager */,
				2D02E4771E0B4A5D006451C7 /* Sources */,
				2D02E4781E0B4A5D006451C7 /* Frameworks */,
				2D02E4791E0B4A5D006451C7 /* Resources */,
				2D02E4CB1E0B4B27006451C7 /* Bundle React Native Code And Images */,
			);
			buildRules = (
			);
			dependencies = (
			);
			name = "RiceDiseasePrediction-tvOS";
			productName = "RiceDiseasePrediction-tvOS";
			productReference = 2D02E47B1E0B4A5D006451C7 /* RiceDiseasePrediction-tvOS.app */;
			productType = "com.apple.product-type.application";
		};
		2D02E48F1E0B4A5D006451C7 /* RiceDiseasePrediction-tvOSTests */ = {
			isa = PBXNativeTarget;
			buildConfigurationList = 2D02E4BB1E0B4A5E006451C7 /* Build configuration list for PBXNativeTarget "RiceDiseasePrediction-tvOSTests" */;
			buildPhases = (
				4A1BC1BD03EEB177C0585177 /* [CP] Check Pods Manifest.lock */,
				2D02E48C1E0B4A5D006451C7 /* Sources */,
				2D02E48D1E0B4A5D006451C7 /* Frameworks */,
				2D02E48E1E0B4A5D006451C7 /* Resources */,
			);
			buildRules = (
			);
			dependencies = (
				2D02E4921E0B4A5D006451C7 /* PBXTargetDependency */,
			);
			name = "RiceDiseasePrediction-tvOSTests";
			productName = "RiceDiseasePrediction-tvOSTests";
			productReference = 2D02E4901E0B4A5D006451C7 /* RiceDiseasePrediction-tvOSTests.xctest */;
			productType = "com.apple.product-type.bundle.unit-test";
		};
/* End PBXNativeTarget section */

/* Begin PBXProject section */
		83CBB9F71A601CBA00E9B192 /* Project object */ = {
			isa = PBXProject;
			attributes = {
				LastUpgradeCheck = 940;
				ORGANIZATIONNAME = Facebook;
				TargetAttributes = {
					00E356ED1AD99517003FC87E = {
						CreatedOnToolsVersion = 6.2;
						TestTargetID = 13B07F861A680F5B00A75B9A;
					};
					2D02E47A1E0B4A5D006451C7 = {
						CreatedOnToolsVersion = 8.2.1;
						ProvisioningStyle = Automatic;
					};
					2D02E48F1E0B4A5D006451C7 = {
						CreatedOnToolsVersion = 8.2.1;
						ProvisioningStyle = Automatic;
						TestTargetID = 2D02E47A1E0B4A5D006451C7;
					};
				};
			};
			buildConfigurationList = 83CBB9FA1A601CBA00E9B192 /* Build configuration list for PBXProject "RiceDiseasePrediction" */;
			compatibilityVersion = "Xcode 3.2";
			developmentRegion = English;
			hasScannedForEncodings = 0;
			knownRegions = (
				en,
				Base,
			);
			mainGroup = 83CBB9F61A601CBA00E9B192;
			productRefGroup = 83CBBA001A601CBA00E9B192 /* Products */;
			projectDirPath = "";
			projectRoot = "";
			targets = (
				13B07F861A680F5B00A75B9A /* RiceDiseasePrediction */,
				00E356ED1AD99517003FC87E /* RiceDiseasePredictionTests */,
				2D02E47A1E0B4A5D006451C7 /* RiceDiseasePrediction-tvOS */,
				2D02E48F1E0B4A5D006451C7 /* RiceDiseasePrediction-tvOSTests */,
			);
		};
/* End PBXProject section */

/* Begin PBXResourcesBuildPhase section */
		00E356EC1AD99517003FC87E /* Resources */ = {
			isa = PBXResourcesBuildPhase;
			buildActionMask = 2147483647;
			files = (
			);
			runOnlyForDeploymentPostprocessing = 0;
		};
		13B07F8E1A680F5B00A75B9A /* Resources */ = {
			isa = PBXResourcesBuildPhase;
			buildActionMask = 2147483647;
			files = (
				13B07FBF1A68108700A75B9A /* Images.xcassets in Resources */,
				13B07FBD1A68108700A75B9A /* LaunchScreen.xib in Resources */,
				2D74CF2E4F6D44B897F310AF /* flowers2.png in Resources */,
				FA6A67A5FFAD411EA2BA80AA /* flowers2.svg in Resources */,
				CA6944D46D9F40A7AED8938D /* lighthouse.png in Resources */,
				3F51C5D445574226B690CEE2 /* lighthouse.svg in Resources */,
				1D7A71C8CB614479A5087BDC /* Product Sans Bold.ttf in Resources */,
				F2709D364D4549D997009835 /* Product Sans Italic.ttf in Resources */,
				0AFA010E01C846EA86CC017E /* Product Sans Regular.ttf in Resources */,
				9327F7A4DF8B49AB8A6CFD24 /* rubicon-icon-font.ttf in Resources */,
				67A87D3D777949E082390834 /* Rubik-Black.ttf in Resources */,
				3D5DCF7A44644BE991862565 /* Rubik-BlackItalic.ttf in Resources */,
				09676591E5044BF6B4EFD55A /* Rubik-Bold.ttf in Resources */,
				A69AC82D74354093984FF0C7 /* Rubik-BoldItalic.ttf in Resources */,
				B6FAF8CA71CB414591C1FA0D /* Rubik-Italic.ttf in Resources */,
				BFA3D5402CFD4188A298E478 /* Rubik-Light.ttf in Resources */,
				D945020E2FCF46A79DF39B17 /* Rubik-LightItalic.ttf in Resources */,
				A64BDC574E164930BEB1913B /* Rubik-Medium.ttf in Resources */,
				BC92BC1FC08E4022A062D021 /* Rubik-MediumItalic.ttf in Resources */,
				960A295C18F94F45A0977176 /* Rubik-Regular.ttf in Resources */,
				7BC2E0F2DBB9495988E2801C /* AntDesign.ttf in Resources */,
				5B995016844647B9A8446D55 /* Entypo.ttf in Resources */,
				5E1CAC5A3FB3404993E1D806 /* EvilIcons.ttf in Resources */,
				65904842C1F244A3B387A4E5 /* Feather.ttf in Resources */,
				C1A3075A4ACD4ABFB357BD1B /* FontAwesome.ttf in Resources */,
				8BCAB33B8A2147429FB8FCA7 /* FontAwesome5_Brands.ttf in Resources */,
				F8E154156AD34D5F968EC0E2 /* FontAwesome5_Regular.ttf in Resources */,
				A79CC6AACE374099839744CD /* FontAwesome5_Solid.ttf in Resources */,
				BE0EA411E4E843BDAE310480 /* Fontisto.ttf in Resources */,
				F15188C8CCE94468BB5882FE /* Foundation.ttf in Resources */,
				28197E45E01140EB9CC18624 /* Ionicons.ttf in Resources */,
				C7AA704E2DCD480CB6BDFA9D /* MaterialCommunityIcons.ttf in Resources */,
				31A578C8110242D3B7F3D881 /* MaterialIcons.ttf in Resources */,
				BC5D7E7EEB6C41A28D9F14E2 /* Octicons.ttf in Resources */,
				F77CD7E68E294E3F8C6BA272 /* SimpleLineIcons.ttf in Resources */,
				EB32D3135D7445F58E9A7B65 /* Zocial.ttf in Resources */,
			);
			runOnlyForDeploymentPostprocessing = 0;
		};
		2D02E4791E0B4A5D006451C7 /* Resources */ = {
			isa = PBXResourcesBuildPhase;
			buildActionMask = 2147483647;
			files = (
				2D02E4BD1E0B4A84006451C7 /* Images.xcassets in Resources */,
			);
			runOnlyForDeploymentPostprocessing = 0;
		};
		2D02E48E1E0B4A5D006451C7 /* Resources */ = {
			isa = PBXResourcesBuildPhase;
			buildActionMask = 2147483647;
			files = (
			);
			runOnlyForDeploymentPostprocessing = 0;
		};
/* End PBXResourcesBuildPhase section */

/* Begin PBXShellScriptBuildPhase section */
		00DD1BFF1BD5951E006B06BC /* Bundle React Native code and images */ = {
			isa = PBXShellScriptBuildPhase;
			buildActionMask = 2147483647;
			files = (
			);
			inputPaths = (
			);
			name = "Bundle React Native code and images";
			outputPaths = (
			);
			runOnlyForDeploymentPostprocessing = 0;
			shellPath = /bin/sh;
			shellScript = "export NODE_BINARY=node\n../node_modules/react-native/scripts/react-native-xcode.sh";
		};
		2D02E4CB1E0B4B27006451C7 /* Bundle React Native Code And Images */ = {
			isa = PBXShellScriptBuildPhase;
			buildActionMask = 2147483647;
			files = (
			);
			inputPaths = (
			);
			name = "Bundle React Native Code And Images";
			outputPaths = (
			);
			runOnlyForDeploymentPostprocessing = 0;
			shellPath = /bin/sh;
			shellScript = "export NODE_BINARY=node\n../node_modules/react-native/scripts/react-native-xcode.sh";
		};
		4369AF27FA3173E40B5213FA /* [CP] Check Pods Manifest.lock */ = {
			isa = PBXShellScriptBuildPhase;
			buildActionMask = 2147483647;
			files = (
			);
			inputFileListPaths = (
			);
			inputPaths = (
				"${PODS_PODFILE_DIR_PATH}/Podfile.lock",
				"${PODS_ROOT}/Manifest.lock",
			);
			name = "[CP] Check Pods Manifest.lock";
			outputFileListPaths = (
			);
			outputPaths = (
				"$(DERIVED_FILE_DIR)/Pods-RiceDiseasePrediction-tvOS-checkManifestLockResult.txt",
			);
			runOnlyForDeploymentPostprocessing = 0;
			shellPath = /bin/sh;
			shellScript = "diff \"${PODS_PODFILE_DIR_PATH}/Podfile.lock\" \"${PODS_ROOT}/Manifest.lock\" > /dev/null\nif [ $? != 0 ] ; then\n    # print error to STDERR\n    echo \"error: The sandbox is not in sync with the Podfile.lock. Run 'pod install' or update your CocoaPods installation.\" >&2\n    exit 1\nfi\n# This output is used by Xcode 'outputs' to avoid re-running this script phase.\necho \"SUCCESS\" > \"${SCRIPT_OUTPUT_FILE_0}\"\n";
			showEnvVarsInLog = 0;
		};
		4A1BC1BD03EEB177C0585177 /* [CP] Check Pods Manifest.lock */ = {
			isa = PBXShellScriptBuildPhase;
			buildActionMask = 2147483647;
			files = (
			);
			inputFileListPaths = (
			);
			inputPaths = (
				"${PODS_PODFILE_DIR_PATH}/Podfile.lock",
				"${PODS_ROOT}/Manifest.lock",
			);
			name = "[CP] Check Pods Manifest.lock";
			outputFileListPaths = (
			);
			outputPaths = (
				"$(DERIVED_FILE_DIR)/Pods-RiceDiseasePrediction-tvOSTests-checkManifestLockResult.txt",
			);
			runOnlyForDeploymentPostprocessing = 0;
			shellPath = /bin/sh;
			shellScript = "diff \"${PODS_PODFILE_DIR_PATH}/Podfile.lock\" \"${PODS_ROOT}/Manifest.lock\" > /dev/null\nif [ $? != 0 ] ; then\n    # print error to STDERR\n    echo \"error: The sandbox is not in sync with the Podfile.lock. Run 'pod install' or update your CocoaPods installation.\" >&2\n    exit 1\nfi\n# This output is used by Xcode 'outputs' to avoid re-running this script phase.\necho \"SUCCESS\" > \"${SCRIPT_OUTPUT_FILE_0}\"\n";
			showEnvVarsInLog = 0;
		};
		61130215555586AA88E3DCAB /* [CP] Check Pods Manifest.lock */ = {
			isa = PBXShellScriptBuildPhase;
			buildActionMask = 2147483647;
			files = (
			);
			inputFileListPaths = (
			);
			inputPaths = (
				"${PODS_PODFILE_DIR_PATH}/Podfile.lock",
				"${PODS_ROOT}/Manifest.lock",
			);
			name = "[CP] Check Pods Manifest.lock";
			outputFileListPaths = (
			);
			outputPaths = (
				"$(DERIVED_FILE_DIR)/Pods-RiceDiseasePrediction-checkManifestLockResult.txt",
			);
			runOnlyForDeploymentPostprocessing = 0;
			shellPath = /bin/sh;
			shellScript = "diff \"${PODS_PODFILE_DIR_PATH}/Podfile.lock\" \"${PODS_ROOT}/Manifest.lock\" > /dev/null\nif [ $? != 0 ] ; then\n    # print error to STDERR\n    echo \"error: The sandbox is not in sync with the Podfile.lock. Run 'pod install' or update your CocoaPods installation.\" >&2\n    exit 1\nfi\n# This output is used by Xcode 'outputs' to avoid re-running this script phase.\necho \"SUCCESS\" > \"${SCRIPT_OUTPUT_FILE_0}\"\n";
			showEnvVarsInLog = 0;
		};
		AAFA343039017F036FB142BA /* [CP] Check Pods Manifest.lock */ = {
			isa = PBXShellScriptBuildPhase;
			buildActionMask = 2147483647;
			files = (
			);
			inputFileListPaths = (
			);
			inputPaths = (
				"${PODS_PODFILE_DIR_PATH}/Podfile.lock",
				"${PODS_ROOT}/Manifest.lock",
			);
			name = "[CP] Check Pods Manifest.lock";
			outputFileListPaths = (
			);
			outputPaths = (
				"$(DERIVED_FILE_DIR)/Pods-RiceDiseasePredictionTests-checkManifestLockResult.txt",
			);
			runOnlyForDeploymentPostprocessing = 0;
			shellPath = /bin/sh;
			shellScript = "diff \"${PODS_PODFILE_DIR_PATH}/Podfile.lock\" \"${PODS_ROOT}/Manifest.lock\" > /dev/null\nif [ $? != 0 ] ; then\n    # print error to STDERR\n    echo \"error: The sandbox is not in sync with the Podfile.lock. Run 'pod install' or update your CocoaPods installation.\" >&2\n    exit 1\nfi\n# This output is used by Xcode 'outputs' to avoid re-running this script phase.\necho \"SUCCESS\" > \"${SCRIPT_OUTPUT_FILE_0}\"\n";
			showEnvVarsInLog = 0;
		};
		FD10A7F022414F080027D42C /* Start Packager */ = {
			isa = PBXShellScriptBuildPhase;
			buildActionMask = 2147483647;
			files = (
			);
			inputFileListPaths = (
			);
			inputPaths = (
			);
			name = "Start Packager";
			outputFileListPaths = (
			);
			outputPaths = (
			);
			runOnlyForDeploymentPostprocessing = 0;
			shellPath = /bin/sh;
			shellScript = "export RCT_METRO_PORT=\"${RCT_METRO_PORT:=8081}\"\necho \"export RCT_METRO_PORT=${RCT_METRO_PORT}\" > \"${SRCROOT}/../node_modules/react-native/scripts/.packager.env\"\nif [ -z \"${RCT_NO_LAUNCH_PACKAGER+xxx}\" ] ; then\n  if nc -w 5 -z localhost ${RCT_METRO_PORT} ; then\n    if ! curl -s \"http://localhost:${RCT_METRO_PORT}/status\" | grep -q \"packager-status:running\" ; then\n      echo \"Port ${RCT_METRO_PORT} already in use, packager is either not running or not running correctly\"\n      exit 2\n    fi\n  else\n    open \"$SRCROOT/../node_modules/react-native/scripts/launchPackager.command\" || echo \"Can't start packager automatically\"\n  fi\nfi\n";
			showEnvVarsInLog = 0;
		};
		FD10A7F122414F3F0027D42C /* Start Packager */ = {
			isa = PBXShellScriptBuildPhase;
			buildActionMask = 2147483647;
			files = (
			);
			inputFileListPaths = (
			);
			inputPaths = (
			);
			name = "Start Packager";
			outputFileListPaths = (
			);
			outputPaths = (
			);
			runOnlyForDeploymentPostprocessing = 0;
			shellPath = /bin/sh;
			shellScript = "export RCT_METRO_PORT=\"${RCT_METRO_PORT:=8081}\"\necho \"export RCT_METRO_PORT=${RCT_METRO_PORT}\" > \"${SRCROOT}/../node_modules/react-native/scripts/.packager.env\"\nif [ -z \"${RCT_NO_LAUNCH_PACKAGER+xxx}\" ] ; then\n  if nc -w 5 -z localhost ${RCT_METRO_PORT} ; then\n    if ! curl -s \"http://localhost:${RCT_METRO_PORT}/status\" | grep -q \"packager-status:running\" ; then\n      echo \"Port ${RCT_METRO_PORT} already in use, packager is either not running or not running correctly\"\n      exit 2\n    fi\n  else\n    open \"$SRCROOT/../node_modules/react-native/scripts/launchPackager.command\" || echo \"Can't start packager automatically\"\n  fi\nfi\n";
			showEnvVarsInLog = 0;
		};
/* End PBXShellScriptBuildPhase section */

/* Begin PBXSourcesBuildPhase section */
		00E356EA1AD99517003FC87E /* Sources */ = {
			isa = PBXSourcesBuildPhase;
			buildActionMask = 2147483647;
			files = (
				00E356F31AD99517003FC87E /* RiceDiseasePredictionTests.m in Sources */,
			);
			runOnlyForDeploymentPostprocessing = 0;
		};
		13B07F871A680F5B00A75B9A /* Sources */ = {
			isa = PBXSourcesBuildPhase;
			buildActionMask = 2147483647;
			files = (
				13B07FBC1A68108700A75B9A /* AppDelegate.m in Sources */,
				13B07FC11A68108700A75B9A /* main.m in Sources */,
			);
			runOnlyForDeploymentPostprocessing = 0;
		};
		2D02E4771E0B4A5D006451C7 /* Sources */ = {
			isa = PBXSourcesBuildPhase;
			buildActionMask = 2147483647;
			files = (
				2D02E4BF1E0B4AB3006451C7 /* main.m in Sources */,
				2D02E4BC1E0B4A80006451C7 /* AppDelegate.m in Sources */,
			);
			runOnlyForDeploymentPostprocessing = 0;
		};
		2D02E48C1E0B4A5D006451C7 /* Sources */ = {
			isa = PBXSourcesBuildPhase;
			buildActionMask = 2147483647;
			files = (
				2DCD954D1E0B4F2C00145EB5 /* RiceDiseasePredictionTests.m in Sources */,
			);
			runOnlyForDeploymentPostprocessing = 0;
		};
/* End PBXSourcesBuildPhase section */

/* Begin PBXTargetDependency section */
		00E356F51AD99517003FC87E /* PBXTargetDependency */ = {
			isa = PBXTargetDependency;
			target = 13B07F861A680F5B00A75B9A /* RiceDiseasePrediction */;
			targetProxy = 00E356F41AD99517003FC87E /* PBXContainerItemProxy */;
		};
		2D02E4921E0B4A5D006451C7 /* PBXTargetDependency */ = {
			isa = PBXTargetDependency;
			target = 2D02E47A1E0B4A5D006451C7 /* RiceDiseasePrediction-tvOS */;
			targetProxy = 2D02E4911E0B4A5D006451C7 /* PBXContainerItemProxy */;
		};
/* End PBXTargetDependency section */

/* Begin PBXVariantGroup section */
		13B07FB11A68108700A75B9A /* LaunchScreen.xib */ = {
			isa = PBXVariantGroup;
			children = (
				13B07FB21A68108700A75B9A /* Base */,
			);
			name = LaunchScreen.xib;
			path = RiceDiseasePrediction;
			sourceTree = "<group>";
		};
/* End PBXVariantGroup section */

/* Begin XCBuildConfiguration section */
		00E356F61AD99517003FC87E /* Debug */ = {
			isa = XCBuildConfiguration;
			baseConfigurationReference = 4204C6C5E7C6BA6628A378E9 /* Pods-RiceDiseasePredictionTests.debug.xcconfig */;
			buildSettings = {
				BUNDLE_LOADER = "$(TEST_HOST)";
				GCC_PREPROCESSOR_DEFINITIONS = (
					"DEBUG=1",
					"$(inherited)",
				);
				INFOPLIST_FILE = RiceDiseasePredictionTests/Info.plist;
				IPHONEOS_DEPLOYMENT_TARGET = 9.0;
				LD_RUNPATH_SEARCH_PATHS = "$(inherited) @executable_path/Frameworks @loader_path/Frameworks";
				OTHER_LDFLAGS = (
					"-ObjC",
					"-lc++",
					"$(inherited)",
				);
				PRODUCT_BUNDLE_IDENTIFIER = "org.reactjs.native.example.$(PRODUCT_NAME:rfc1034identifier)";
				PRODUCT_NAME = "$(TARGET_NAME)";
				TEST_HOST = "$(BUILT_PRODUCTS_DIR)/RiceDiseasePrediction.app/RiceDiseasePrediction";
			};
			name = Debug;
		};
		00E356F71AD99517003FC87E /* Release */ = {
			isa = XCBuildConfiguration;
			baseConfigurationReference = 5ACC9787BBAB0A1D9DC05D29 /* Pods-RiceDiseasePredictionTests.release.xcconfig */;
			buildSettings = {
				BUNDLE_LOADER = "$(TEST_HOST)";
				COPY_PHASE_STRIP = NO;
				INFOPLIST_FILE = RiceDiseasePredictionTests/Info.plist;
				IPHONEOS_DEPLOYMENT_TARGET = 9.0;
				LD_RUNPATH_SEARCH_PATHS = "$(inherited) @executable_path/Frameworks @loader_path/Frameworks";
				OTHER_LDFLAGS = (
					"-ObjC",
					"-lc++",
					"$(inherited)",
				);
				PRODUCT_BUNDLE_IDENTIFIER = "org.reactjs.native.example.$(PRODUCT_NAME:rfc1034identifier)";
				PRODUCT_NAME = "$(TARGET_NAME)";
				TEST_HOST = "$(BUILT_PRODUCTS_DIR)/RiceDiseasePrediction.app/RiceDiseasePrediction";
			};
			name = Release;
		};
		13B07F941A680F5B00A75B9A /* Debug */ = {
			isa = XCBuildConfiguration;
			baseConfigurationReference = 29DF71B7136D73E1CF56BFAA /* Pods-RiceDiseasePrediction.debug.xcconfig */;
			buildSettings = {
				ASSETCATALOG_COMPILER_APPICON_NAME = AppIcon;
				CURRENT_PROJECT_VERSION = 1;
				DEAD_CODE_STRIPPING = NO;
				INFOPLIST_FILE = RiceDiseasePrediction/Info.plist;
				LD_RUNPATH_SEARCH_PATHS = "$(inherited) @executable_path/Frameworks";
				OTHER_LDFLAGS = (
					"$(inherited)",
					"-ObjC",
					"-lc++",
				);
				PRODUCT_BUNDLE_IDENTIFIER = "org.reactjs.native.example.$(PRODUCT_NAME:rfc1034identifier)";
				PRODUCT_NAME = RiceDiseasePrediction;
				VERSIONING_SYSTEM = "apple-generic";
			};
			name = Debug;
		};
		13B07F951A680F5B00A75B9A /* Release */ = {
			isa = XCBuildConfiguration;
			baseConfigurationReference = EB257AFB300505FF8D5E8632 /* Pods-RiceDiseasePrediction.release.xcconfig */;
			buildSettings = {
				ASSETCATALOG_COMPILER_APPICON_NAME = AppIcon;
				CURRENT_PROJECT_VERSION = 1;
				INFOPLIST_FILE = RiceDiseasePrediction/Info.plist;
				LD_RUNPATH_SEARCH_PATHS = "$(inherited) @executable_path/Frameworks";
				OTHER_LDFLAGS = (
					"$(inherited)",
					"-ObjC",
					"-lc++",
				);
				PRODUCT_BUNDLE_IDENTIFIER = "org.reactjs.native.example.$(PRODUCT_NAME:rfc1034identifier)";
				PRODUCT_NAME = RiceDiseasePrediction;
				VERSIONING_SYSTEM = "apple-generic";
			};
			name = Release;
		};
		2D02E4971E0B4A5E006451C7 /* Debug */ = {
			isa = XCBuildConfiguration;
			baseConfigurationReference = 32D6FC9A181CE3EB8C6972DB /* Pods-RiceDiseasePrediction-tvOS.debug.xcconfig */;
			buildSettings = {
				ASSETCATALOG_COMPILER_APPICON_NAME = "App Icon & Top Shelf Image";
				ASSETCATALOG_COMPILER_LAUNCHIMAGE_NAME = LaunchImage;
				CLANG_ANALYZER_NONNULL = YES;
				CLANG_WARN_DOCUMENTATION_COMMENTS = YES;
				CLANG_WARN_INFINITE_RECURSION = YES;
				CLANG_WARN_SUSPICIOUS_MOVE = YES;
				DEBUG_INFORMATION_FORMAT = dwarf;
				ENABLE_TESTABILITY = YES;
				GCC_NO_COMMON_BLOCKS = YES;
				INFOPLIST_FILE = "RiceDiseasePrediction-tvOS/Info.plist";
				LD_RUNPATH_SEARCH_PATHS = "$(inherited) @executable_path/Frameworks";
				OTHER_LDFLAGS = (
					"$(inherited)",
					"-ObjC",
					"-lc++",
				);
				PRODUCT_BUNDLE_IDENTIFIER = "com.facebook.REACT.RiceDiseasePrediction-tvOS";
				PRODUCT_NAME = "$(TARGET_NAME)";
				SDKROOT = appletvos;
				TARGETED_DEVICE_FAMILY = 3;
				TVOS_DEPLOYMENT_TARGET = 9.2;
			};
			name = Debug;
		};
		2D02E4981E0B4A5E006451C7 /* Release */ = {
			isa = XCBuildConfiguration;
			baseConfigurationReference = 3FEE1B1DDFBB4C26A6912A6D /* Pods-RiceDiseasePrediction-tvOS.release.xcconfig */;
			buildSettings = {
				ASSETCATALOG_COMPILER_APPICON_NAME = "App Icon & Top Shelf Image";
				ASSETCATALOG_COMPILER_LAUNCHIMAGE_NAME = LaunchImage;
				CLANG_ANALYZER_NONNULL = YES;
				CLANG_WARN_DOCUMENTATION_COMMENTS = YES;
				CLANG_WARN_INFINITE_RECURSION = YES;
				CLANG_WARN_SUSPICIOUS_MOVE = YES;
				COPY_PHASE_STRIP = NO;
				DEBUG_INFORMATION_FORMAT = "dwarf-with-dsym";
				GCC_NO_COMMON_BLOCKS = YES;
				INFOPLIST_FILE = "RiceDiseasePrediction-tvOS/Info.plist";
				LD_RUNPATH_SEARCH_PATHS = "$(inherited) @executable_path/Frameworks";
				OTHER_LDFLAGS = (
					"$(inherited)",
					"-ObjC",
					"-lc++",
				);
				PRODUCT_BUNDLE_IDENTIFIER = "com.facebook.REACT.RiceDiseasePrediction-tvOS";
				PRODUCT_NAME = "$(TARGET_NAME)";
				SDKROOT = appletvos;
				TARGETED_DEVICE_FAMILY = 3;
				TVOS_DEPLOYMENT_TARGET = 9.2;
			};
			name = Release;
		};
		2D02E4991E0B4A5E006451C7 /* Debug */ = {
			isa = XCBuildConfiguration;
			baseConfigurationReference = C727D3B51612EA6E01B91738 /* Pods-RiceDiseasePrediction-tvOSTests.debug.xcconfig */;
			buildSettings = {
				BUNDLE_LOADER = "$(TEST_HOST)";
				CLANG_ANALYZER_NONNULL = YES;
				CLANG_WARN_DOCUMENTATION_COMMENTS = YES;
				CLANG_WARN_INFINITE_RECURSION = YES;
				CLANG_WARN_SUSPICIOUS_MOVE = YES;
				DEBUG_INFORMATION_FORMAT = dwarf;
				ENABLE_TESTABILITY = YES;
				GCC_NO_COMMON_BLOCKS = YES;
				INFOPLIST_FILE = "RiceDiseasePrediction-tvOSTests/Info.plist";
				LD_RUNPATH_SEARCH_PATHS = "$(inherited) @executable_path/Frameworks @loader_path/Frameworks";
				OTHER_LDFLAGS = (
					"$(inherited)",
					"-ObjC",
					"-lc++",
				);
				PRODUCT_BUNDLE_IDENTIFIER = "com.facebook.REACT.RiceDiseasePrediction-tvOSTests";
				PRODUCT_NAME = "$(TARGET_NAME)";
				SDKROOT = appletvos;
				TEST_HOST = "$(BUILT_PRODUCTS_DIR)/RiceDiseasePrediction-tvOS.app/RiceDiseasePrediction-tvOS";
				TVOS_DEPLOYMENT_TARGET = 10.1;
			};
			name = Debug;
		};
		2D02E49A1E0B4A5E006451C7 /* Release */ = {
			isa = XCBuildConfiguration;
			baseConfigurationReference = C2963511501221E78850E321 /* Pods-RiceDiseasePrediction-tvOSTests.release.xcconfig */;
			buildSettings = {
				BUNDLE_LOADER = "$(TEST_HOST)";
				CLANG_ANALYZER_NONNULL = YES;
				CLANG_WARN_DOCUMENTATION_COMMENTS = YES;
				CLANG_WARN_INFINITE_RECURSION = YES;
				CLANG_WARN_SUSPICIOUS_MOVE = YES;
				COPY_PHASE_STRIP = NO;
				DEBUG_INFORMATION_FORMAT = "dwarf-with-dsym";
				GCC_NO_COMMON_BLOCKS = YES;
				INFOPLIST_FILE = "RiceDiseasePrediction-tvOSTests/Info.plist";
				LD_RUNPATH_SEARCH_PATHS = "$(inherited) @executable_path/Frameworks @loader_path/Frameworks";
				OTHER_LDFLAGS = (
					"$(inherited)",
					"-ObjC",
					"-lc++",
				);
				PRODUCT_BUNDLE_IDENTIFIER = "com.facebook.REACT.RiceDiseasePrediction-tvOSTests";
				PRODUCT_NAME = "$(TARGET_NAME)";
				SDKROOT = appletvos;
				TEST_HOST = "$(BUILT_PRODUCTS_DIR)/RiceDiseasePrediction-tvOS.app/RiceDiseasePrediction-tvOS";
				TVOS_DEPLOYMENT_TARGET = 10.1;
			};
			name = Release;
		};
		83CBBA201A601CBA00E9B192 /* Debug */ = {
			isa = XCBuildConfiguration;
			buildSettings = {
				ALWAYS_SEARCH_USER_PATHS = NO;
				CLANG_CXX_LANGUAGE_STANDARD = "gnu++0x";
				CLANG_CXX_LIBRARY = "libc++";
				CLANG_ENABLE_MODULES = YES;
				CLANG_ENABLE_OBJC_ARC = YES;
				CLANG_WARN_BLOCK_CAPTURE_AUTORELEASING = YES;
				CLANG_WARN_BOOL_CONVERSION = YES;
				CLANG_WARN_COMMA = YES;
				CLANG_WARN_CONSTANT_CONVERSION = YES;
				CLANG_WARN_DEPRECATED_OBJC_IMPLEMENTATIONS = YES;
				CLANG_WARN_DIRECT_OBJC_ISA_USAGE = YES_ERROR;
				CLANG_WARN_EMPTY_BODY = YES;
				CLANG_WARN_ENUM_CONVERSION = YES;
				CLANG_WARN_INFINITE_RECURSION = YES;
				CLANG_WARN_INT_CONVERSION = YES;
				CLANG_WARN_NON_LITERAL_NULL_CONVERSION = YES;
				CLANG_WARN_OBJC_IMPLICIT_RETAIN_SELF = YES;
				CLANG_WARN_OBJC_LITERAL_CONVERSION = YES;
				CLANG_WARN_OBJC_ROOT_CLASS = YES_ERROR;
				CLANG_WARN_RANGE_LOOP_ANALYSIS = YES;
				CLANG_WARN_STRICT_PROTOTYPES = YES;
				CLANG_WARN_SUSPICIOUS_MOVE = YES;
				CLANG_WARN_UNREACHABLE_CODE = YES;
				CLANG_WARN__DUPLICATE_METHOD_MATCH = YES;
				"CODE_SIGN_IDENTITY[sdk=iphoneos*]" = "iPhone Developer";
				COPY_PHASE_STRIP = NO;
				ENABLE_STRICT_OBJC_MSGSEND = YES;
				ENABLE_TESTABILITY = YES;
				GCC_C_LANGUAGE_STANDARD = gnu99;
				GCC_DYNAMIC_NO_PIC = NO;
				GCC_NO_COMMON_BLOCKS = YES;
				GCC_OPTIMIZATION_LEVEL = 0;
				GCC_PREPROCESSOR_DEFINITIONS = (
					"DEBUG=1",
					"$(inherited)",
				);
				GCC_SYMBOLS_PRIVATE_EXTERN = NO;
				GCC_WARN_64_TO_32_BIT_CONVERSION = YES;
				GCC_WARN_ABOUT_RETURN_TYPE = YES_ERROR;
				GCC_WARN_UNDECLARED_SELECTOR = YES;
				GCC_WARN_UNINITIALIZED_AUTOS = YES_AGGRESSIVE;
				GCC_WARN_UNUSED_FUNCTION = YES;
				GCC_WARN_UNUSED_VARIABLE = YES;
				IPHONEOS_DEPLOYMENT_TARGET = 9.0;
				MTL_ENABLE_DEBUG_INFO = YES;
				ONLY_ACTIVE_ARCH = YES;
				SDKROOT = iphoneos;
			};
			name = Debug;
		};
		83CBBA211A601CBA00E9B192 /* Release */ = {
			isa = XCBuildConfiguration;
			buildSettings = {
				ALWAYS_SEARCH_USER_PATHS = NO;
				CLANG_CXX_LANGUAGE_STANDARD = "gnu++0x";
				CLANG_CXX_LIBRARY = "libc++";
				CLANG_ENABLE_MODULES = YES;
				CLANG_ENABLE_OBJC_ARC = YES;
				CLANG_WARN_BLOCK_CAPTURE_AUTORELEASING = YES;
				CLANG_WARN_BOOL_CONVERSION = YES;
				CLANG_WARN_COMMA = YES;
				CLANG_WARN_CONSTANT_CONVERSION = YES;
				CLANG_WARN_DEPRECATED_OBJC_IMPLEMENTATIONS = YES;
				CLANG_WARN_DIRECT_OBJC_ISA_USAGE = YES_ERROR;
				CLANG_WARN_EMPTY_BODY = YES;
				CLANG_WARN_ENUM_CONVERSION = YES;
				CLANG_WARN_INFINITE_RECURSION = YES;
				CLANG_WARN_INT_CONVERSION = YES;
				CLANG_WARN_NON_LITERAL_NULL_CONVERSION = YES;
				CLANG_WARN_OBJC_IMPLICIT_RETAIN_SELF = YES;
				CLANG_WARN_OBJC_LITERAL_CONVERSION = YES;
				CLANG_WARN_OBJC_ROOT_CLASS = YES_ERROR;
				CLANG_WARN_RANGE_LOOP_ANALYSIS = YES;
				CLANG_WARN_STRICT_PROTOTYPES = YES;
				CLANG_WARN_SUSPICIOUS_MOVE = YES;
				CLANG_WARN_UNREACHABLE_CODE = YES;
				CLANG_WARN__DUPLICATE_METHOD_MATCH = YES;
				"CODE_SIGN_IDENTITY[sdk=iphoneos*]" = "iPhone Developer";
				COPY_PHASE_STRIP = YES;
				ENABLE_NS_ASSERTIONS = NO;
				ENABLE_STRICT_OBJC_MSGSEND = YES;
				GCC_C_LANGUAGE_STANDARD = gnu99;
				GCC_NO_COMMON_BLOCKS = YES;
				GCC_WARN_64_TO_32_BIT_CONVERSION = YES;
				GCC_WARN_ABOUT_RETURN_TYPE = YES_ERROR;
				GCC_WARN_UNDECLARED_SELECTOR = YES;
				GCC_WARN_UNINITIALIZED_AUTOS = YES_AGGRESSIVE;
				GCC_WARN_UNUSED_FUNCTION = YES;
				GCC_WARN_UNUSED_VARIABLE = YES;
				IPHONEOS_DEPLOYMENT_TARGET = 9.0;
				MTL_ENABLE_DEBUG_INFO = NO;
				SDKROOT = iphoneos;
				VALIDATE_PRODUCT = YES;
			};
			name = Release;
		};
/* End XCBuildConfiguration section */

/* Begin XCConfigurationList section */
		00E357021AD99517003FC87E /* Build configuration list for PBXNativeTarget "RiceDiseasePredictionTests" */ = {
			isa = XCConfigurationList;
			buildConfigurations = (
				00E356F61AD99517003FC87E /* Debug */,
				00E356F71AD99517003FC87E /* Release */,
			);
			defaultConfigurationIsVisible = 0;
			defaultConfigurationName = Release;
		};
		13B07F931A680F5B00A75B9A /* Build configuration list for PBXNativeTarget "RiceDiseasePrediction" */ = {
			isa = XCConfigurationList;
			buildConfigurations = (
				13B07F941A680F5B00A75B9A /* Debug */,
				13B07F951A680F5B00A75B9A /* Release */,
			);
			defaultConfigurationIsVisible = 0;
			defaultConfigurationName = Release;
		};
		2D02E4BA1E0B4A5E006451C7 /* Build configuration list for PBXNativeTarget "RiceDiseasePrediction-tvOS" */ = {
			isa = XCConfigurationList;
			buildConfigurations = (
				2D02E4971E0B4A5E006451C7 /* Debug */,
				2D02E4981E0B4A5E006451C7 /* Release */,
			);
			defaultConfigurationIsVisible = 0;
			defaultConfigurationName = Release;
		};
		2D02E4BB1E0B4A5E006451C7 /* Build configuration list for PBXNativeTarget "RiceDiseasePrediction-tvOSTests" */ = {
			isa = XCConfigurationList;
			buildConfigurations = (
				2D02E4991E0B4A5E006451C7 /* Debug */,
				2D02E49A1E0B4A5E006451C7 /* Release */,
			);
			defaultConfigurationIsVisible = 0;
			defaultConfigurationName = Release;
		};
		83CBB9FA1A601CBA00E9B192 /* Build configuration list for PBXProject "RiceDiseasePrediction" */ = {
			isa = XCConfigurationList;
			buildConfigurations = (
				83CBBA201A601CBA00E9B192 /* Debug */,
				83CBBA211A601CBA00E9B192 /* Release */,
			);
			defaultConfigurationIsVisible = 0;
			defaultConfigurationName = Release;
		};
/* End XCConfigurationList section */
	};
	rootObject = 83CBB9F71A601CBA00E9B192 /* Project object */;
}
